/home/projects/cpr_10006/projects/aamb/tests/test_workflow_no_mapping/avamb_outdir/avamb/tmp/workflow_finished_avamb.log
/home/projects/cpr_10006/projects/aamb/tests/test_workflow_no_mapping/avamb_outdir/avamb/tmp/avamb_manual_drep_clusters.tsv
/home/projects/cpr_10006/projects/aamb/tests/test_workflow_no_mapping/avamb_outdir/avamb/tmp/checkm2_finished.txt
/home/projects/cpr_10006/projects/aamb/tests/test_workflow_no_mapping/avamb_outdir/avamb
/home/projects/cpr_10006/projects/aamb/tests/test_workflow_no_mapping/avamb_outdir/avamb/aae_z_clusters.tsv
/home/projects/cpr_10006/projects/aamb/tests/test_workflow_no_mapping/avamb_outdir/avamb/aae_y_clusters.tsv
/home/projects/cpr_10006/projects/aamb/tests/test_workflow_no_mapping/avamb_outdir/avamb/vae_clusters.tsv
/home/projects/cpr_10006/projects/aamb/tests/test_workflow_no_mapping/avamb_outdir/avamb/contignames
/home/projects/cpr_10006/projects/aamb/tests/test_workflow_no_mapping/avamb_outdir/avamb/lengths.npz
/home/projects/cpr_10006/projects/aamb/tests/test_workflow_no_mapping/avamb_outdir/avamb/tmp/avamb_manual_drep_not_ripped_clusters.tsv
/home/projects/cpr_10006/projects/aamb/tests/test_workflow_no_mapping/avamb_outdir/avamb/tmp/bins_ripped_avamb.log
/home/projects/cpr_10006/projects/aamb/tests/test_workflow_no_mapping/avamb_outdir/avamb/tmp/cs_d_avamb.json
/home/projects/cpr_10006/projects/aamb/tests/test_workflow_no_mapping/avamb_outdir/avamb/tmp/bp_d_avamb.json
/home/projects/cpr_10006/projects/aamb/tests/test_workflow_no_mapping/avamb_outdir/avamb/tmp/samples_with_bins.txt
